// !$*UTF8*$!
{
	archiveVersion = 1;
	classes = {
	};
	objectVersion = 55;
	objects = {

/* Begin PBXBuildFile section */
		545FFC6F27BC4C17008CC1ED /* AppDelegate.swift in Sources */ = {isa = PBXBuildFile; fileRef = 545FFC6E27BC4C17008CC1ED /* AppDelegate.swift */; };
		545FFC7127BC4C17008CC1ED /* SceneDelegate.swift in Sources */ = {isa = PBXBuildFile; fileRef = 545FFC7027BC4C17008CC1ED /* SceneDelegate.swift */; };
		545FFC7327BC4C17008CC1ED /* ChatRoomListViewController.swift in Sources */ = {isa = PBXBuildFile; fileRef = 545FFC7227BC4C17008CC1ED /* ChatRoomListViewController.swift */; };
		545FFC7627BC4C17008CC1ED /* Main.storyboard in Resources */ = {isa = PBXBuildFile; fileRef = 545FFC7427BC4C17008CC1ED /* Main.storyboard */; };
		545FFC7827BC4C18008CC1ED /* Assets.xcassets in Resources */ = {isa = PBXBuildFile; fileRef = 545FFC7727BC4C18008CC1ED /* Assets.xcassets */; };
		545FFC7B27BC4C18008CC1ED /* LaunchScreen.storyboard in Resources */ = {isa = PBXBuildFile; fileRef = 545FFC7927BC4C18008CC1ED /* LaunchScreen.storyboard */; };
		545FFC8727BC4DBA008CC1ED /* SnapKit in Frameworks */ = {isa = PBXBuildFile; productRef = 545FFC8627BC4DBA008CC1ED /* SnapKit */; };
		545FFC8A27BC5149008CC1ED /* ChatRoom.swift in Sources */ = {isa = PBXBuildFile; fileRef = 545FFC8927BC5149008CC1ED /* ChatRoom.swift */; };
		545FFC8D27BC5B72008CC1ED /* AlertHelper.swift in Sources */ = {isa = PBXBuildFile; fileRef = 545FFC8C27BC5B72008CC1ED /* AlertHelper.swift */; };
		545FFC9027BCDCF2008CC1ED /* FirebaseAnalyticsSwift-Beta in Frameworks */ = {isa = PBXBuildFile; productRef = 545FFC8F27BCDCF2008CC1ED /* FirebaseAnalyticsSwift-Beta */; };
		545FFC9227BCDCF2008CC1ED /* FirebaseFirestoreSwift-Beta in Frameworks */ = {isa = PBXBuildFile; productRef = 545FFC9127BCDCF2008CC1ED /* FirebaseFirestoreSwift-Beta */; };
		545FFC9427BCDCF2008CC1ED /* FirebaseInAppMessagingSwift-Beta in Frameworks */ = {isa = PBXBuildFile; productRef = 545FFC9327BCDCF2008CC1ED /* FirebaseInAppMessagingSwift-Beta */; };
		545FFC9627BCDCF2008CC1ED /* FirebaseMessaging in Frameworks */ = {isa = PBXBuildFile; productRef = 545FFC9527BCDCF2008CC1ED /* FirebaseMessaging */; };
		545FFC9827BCDCF2008CC1ED /* FirebaseStorageSwift-Beta in Frameworks */ = {isa = PBXBuildFile; productRef = 545FFC9727BCDCF2008CC1ED /* FirebaseStorageSwift-Beta */; };
		545FFC9A27BCDDA1008CC1ED /* GoogleService-Info.plist in Resources */ = {isa = PBXBuildFile; fileRef = 545FFC9927BCDDA1008CC1ED /* GoogleService-Info.plist */; };
		545FFC9C27BCDEDB008CC1ED /* User.swift in Sources */ = {isa = PBXBuildFile; fileRef = 545FFC9B27BCDEDB008CC1ED /* User.swift */; };
		545FFC9E27BCFB05008CC1ED /* Message.swift in Sources */ = {isa = PBXBuildFile; fileRef = 545FFC9D27BCFB05008CC1ED /* Message.swift */; };
		545FFCA027BCFF9F008CC1ED /* Constants.swift in Sources */ = {isa = PBXBuildFile; fileRef = 545FFC9F27BCFF9F008CC1ED /* Constants.swift */; };
		545FFCA327BD007F008CC1ED /* ChatRoomListViewModel.swift in Sources */ = {isa = PBXBuildFile; fileRef = 545FFCA227BD007F008CC1ED /* ChatRoomListViewModel.swift */; };
		54664F4F27C2DC8300F94482 /* SensitiveData.swift in Sources */ = {isa = PBXBuildFile; fileRef = 54664F4E27C2DC8300F94482 /* SensitiveData.swift */; };
		54664F5527C2E5DD00F94482 /* FirebaseAuth in Frameworks */ = {isa = PBXBuildFile; productRef = 54664F5427C2E5DD00F94482 /* FirebaseAuth */; };
		547D252E27C2EADF005D98B8 /* AuthViewController.swift in Sources */ = {isa = PBXBuildFile; fileRef = 547D252D27C2EADF005D98B8 /* AuthViewController.swift */; };
		547D253027C3DD92005D98B8 /* AuthManager.swift in Sources */ = {isa = PBXBuildFile; fileRef = 547D252F27C3DD92005D98B8 /* AuthManager.swift */; };
		547D253227C3E786005D98B8 /* VerificationCodeViewController.swift in Sources */ = {isa = PBXBuildFile; fileRef = 547D253127C3E786005D98B8 /* VerificationCodeViewController.swift */; };
		547D253427C3EF4D005D98B8 /* LottieHUD.swift in Sources */ = {isa = PBXBuildFile; fileRef = 547D253327C3EF4D005D98B8 /* LottieHUD.swift */; };
		547D253727C3F20A005D98B8 /* Lottie in Frameworks */ = {isa = PBXBuildFile; productRef = 547D253627C3F20A005D98B8 /* Lottie */; };
		547D253B27C40206005D98B8 /* loading.json in Resources */ = {isa = PBXBuildFile; fileRef = 547D253A27C40206005D98B8 /* loading.json */; };
		548BC3B127C0120100CBC6EA /* PushNotificationManager.swift in Sources */ = {isa = PBXBuildFile; fileRef = 548BC3B027C0120100CBC6EA /* PushNotificationManager.swift */; };
		548BC3B327C042A500CBC6EA /* PushNotificationSender.swift in Sources */ = {isa = PBXBuildFile; fileRef = 548BC3B227C042A500CBC6EA /* PushNotificationSender.swift */; };
		548BC3B527C04F8400CBC6EA /* SettingsViewModel.swift in Sources */ = {isa = PBXBuildFile; fileRef = 548BC3B427C04F8400CBC6EA /* SettingsViewModel.swift */; };
		548BC3B727C054D500CBC6EA /* Checkbox.swift in Sources */ = {isa = PBXBuildFile; fileRef = 548BC3B627C054D500CBC6EA /* Checkbox.swift */; };
		548BC3B927C069D400CBC6EA /* apns-sound.wav in Resources */ = {isa = PBXBuildFile; fileRef = 548BC3B827C069D400CBC6EA /* apns-sound.wav */; };
		54F2336427BD337100E9FD28 /* ChatRoomListTableViewCell.swift in Sources */ = {isa = PBXBuildFile; fileRef = 54F2336327BD337100E9FD28 /* ChatRoomListTableViewCell.swift */; };
		54F2336A27BD3C7500E9FD28 /* ChatRoomViewController.swift in Sources */ = {isa = PBXBuildFile; fileRef = 54F2336927BD3C7500E9FD28 /* ChatRoomViewController.swift */; };
		54F2336C27BD44F900E9FD28 /* SettingsViewController.swift in Sources */ = {isa = PBXBuildFile; fileRef = 54F2336B27BD44F900E9FD28 /* SettingsViewController.swift */; };
		54F2336F27BD635900E9FD28 /* ChatRoomViewModel.swift in Sources */ = {isa = PBXBuildFile; fileRef = 54F2336E27BD635900E9FD28 /* ChatRoomViewModel.swift */; };
		54F2337227BD68C400E9FD28 /* MessageTableViewCell.swift in Sources */ = {isa = PBXBuildFile; fileRef = 54F2337127BD68C400E9FD28 /* MessageTableViewCell.swift */; };
		54F2337427BD7BB000E9FD28 /* TextEntryView.swift in Sources */ = {isa = PBXBuildFile; fileRef = 54F2337327BD7BB000E9FD28 /* TextEntryView.swift */; };
/* End PBXBuildFile section */

/* Begin PBXFileReference section */
		545FFC6B27BC4C17008CC1ED /* MonkeyChatUIKit.app */ = {isa = PBXFileReference; explicitFileType = wrapper.application; includeInIndex = 0; path = MonkeyChatUIKit.app; sourceTree = BUILT_PRODUCTS_DIR; };
		545FFC6E27BC4C17008CC1ED /* AppDelegate.swift */ = {isa = PBXFileReference; lastKnownFileType = sourcecode.swift; path = AppDelegate.swift; sourceTree = "<group>"; };
		545FFC7027BC4C17008CC1ED /* SceneDelegate.swift */ = {isa = PBXFileReference; lastKnownFileType = sourcecode.swift; path = SceneDelegate.swift; sourceTree = "<group>"; };
		545FFC7227BC4C17008CC1ED /* ChatRoomListViewController.swift */ = {isa = PBXFileReference; lastKnownFileType = sourcecode.swift; path = ChatRoomListViewController.swift; sourceTree = "<group>"; };
		545FFC7527BC4C17008CC1ED /* Base */ = {isa = PBXFileReference; lastKnownFileType = file.storyboard; name = Base; path = Base.lproj/Main.storyboard; sourceTree = "<group>"; };
		545FFC7727BC4C18008CC1ED /* Assets.xcassets */ = {isa = PBXFileReference; lastKnownFileType = folder.assetcatalog; path = Assets.xcassets; sourceTree = "<group>"; };
		545FFC7A27BC4C18008CC1ED /* Base */ = {isa = PBXFileReference; lastKnownFileType = file.storyboard; name = Base; path = Base.lproj/LaunchScreen.storyboard; sourceTree = "<group>"; };
		545FFC7C27BC4C18008CC1ED /* Info.plist */ = {isa = PBXFileReference; lastKnownFileType = text.plist.xml; path = Info.plist; sourceTree = "<group>"; };
		545FFC8927BC5149008CC1ED /* ChatRoom.swift */ = {isa = PBXFileReference; lastKnownFileType = sourcecode.swift; path = ChatRoom.swift; sourceTree = "<group>"; };
		545FFC8C27BC5B72008CC1ED /* AlertHelper.swift */ = {isa = PBXFileReference; lastKnownFileType = sourcecode.swift; path = AlertHelper.swift; sourceTree = "<group>"; };
		545FFC9927BCDDA1008CC1ED /* GoogleService-Info.plist */ = {isa = PBXFileReference; fileEncoding = 4; lastKnownFileType = text.plist.xml; path = "GoogleService-Info.plist"; sourceTree = "<group>"; };
		545FFC9B27BCDEDB008CC1ED /* User.swift */ = {isa = PBXFileReference; lastKnownFileType = sourcecode.swift; path = User.swift; sourceTree = "<group>"; };
		545FFC9D27BCFB05008CC1ED /* Message.swift */ = {isa = PBXFileReference; lastKnownFileType = sourcecode.swift; path = Message.swift; sourceTree = "<group>"; };
		545FFC9F27BCFF9F008CC1ED /* Constants.swift */ = {isa = PBXFileReference; lastKnownFileType = sourcecode.swift; path = Constants.swift; sourceTree = "<group>"; };
		545FFCA227BD007F008CC1ED /* ChatRoomListViewModel.swift */ = {isa = PBXFileReference; lastKnownFileType = sourcecode.swift; path = ChatRoomListViewModel.swift; sourceTree = "<group>"; };
		54664F4E27C2DC8300F94482 /* SensitiveData.swift */ = {isa = PBXFileReference; lastKnownFileType = sourcecode.swift; path = SensitiveData.swift; sourceTree = "<group>"; };
		547D252D27C2EADF005D98B8 /* AuthViewController.swift */ = {isa = PBXFileReference; lastKnownFileType = sourcecode.swift; path = AuthViewController.swift; sourceTree = "<group>"; };
		547D252F27C3DD92005D98B8 /* AuthManager.swift */ = {isa = PBXFileReference; lastKnownFileType = sourcecode.swift; path = AuthManager.swift; sourceTree = "<group>"; };
		547D253127C3E786005D98B8 /* VerificationCodeViewController.swift */ = {isa = PBXFileReference; lastKnownFileType = sourcecode.swift; path = VerificationCodeViewController.swift; sourceTree = "<group>"; };
		547D253327C3EF4D005D98B8 /* LottieHUD.swift */ = {isa = PBXFileReference; lastKnownFileType = sourcecode.swift; path = LottieHUD.swift; sourceTree = "<group>"; };
		547D253A27C40206005D98B8 /* loading.json */ = {isa = PBXFileReference; fileEncoding = 4; lastKnownFileType = text.json; path = loading.json; sourceTree = "<group>"; };
		548BC3B027C0120100CBC6EA /* PushNotificationManager.swift */ = {isa = PBXFileReference; lastKnownFileType = sourcecode.swift; path = PushNotificationManager.swift; sourceTree = "<group>"; };
		548BC3B227C042A500CBC6EA /* PushNotificationSender.swift */ = {isa = PBXFileReference; lastKnownFileType = sourcecode.swift; path = PushNotificationSender.swift; sourceTree = "<group>"; };
		548BC3B427C04F8400CBC6EA /* SettingsViewModel.swift */ = {isa = PBXFileReference; lastKnownFileType = sourcecode.swift; path = SettingsViewModel.swift; sourceTree = "<group>"; };
		548BC3B627C054D500CBC6EA /* Checkbox.swift */ = {isa = PBXFileReference; lastKnownFileType = sourcecode.swift; path = Checkbox.swift; sourceTree = "<group>"; };
		548BC3B827C069D400CBC6EA /* apns-sound.wav */ = {isa = PBXFileReference; lastKnownFileType = audio.wav; path = "apns-sound.wav"; sourceTree = "<group>"; };
		54F2336327BD337100E9FD28 /* ChatRoomListTableViewCell.swift */ = {isa = PBXFileReference; lastKnownFileType = sourcecode.swift; path = ChatRoomListTableViewCell.swift; sourceTree = "<group>"; };
		54F2336927BD3C7500E9FD28 /* ChatRoomViewController.swift */ = {isa = PBXFileReference; lastKnownFileType = sourcecode.swift; path = ChatRoomViewController.swift; sourceTree = "<group>"; };
		54F2336B27BD44F900E9FD28 /* SettingsViewController.swift */ = {isa = PBXFileReference; lastKnownFileType = sourcecode.swift; path = SettingsViewController.swift; sourceTree = "<group>"; };
		54F2336E27BD635900E9FD28 /* ChatRoomViewModel.swift */ = {isa = PBXFileReference; lastKnownFileType = sourcecode.swift; path = ChatRoomViewModel.swift; sourceTree = "<group>"; };
		54F2337127BD68C400E9FD28 /* MessageTableViewCell.swift */ = {isa = PBXFileReference; lastKnownFileType = sourcecode.swift; path = MessageTableViewCell.swift; sourceTree = "<group>"; };
		54F2337327BD7BB000E9FD28 /* TextEntryView.swift */ = {isa = PBXFileReference; lastKnownFileType = sourcecode.swift; path = TextEntryView.swift; sourceTree = "<group>"; };
		54F2337527BE588200E9FD28 /* MonkeyChatUIKit.entitlements */ = {isa = PBXFileReference; lastKnownFileType = text.plist.entitlements; path = MonkeyChatUIKit.entitlements; sourceTree = "<group>"; };
/* End PBXFileReference section */

/* Begin PBXFrameworksBuildPhase section */
		545FFC6827BC4C17008CC1ED /* Frameworks */ = {
			isa = PBXFrameworksBuildPhase;
			buildActionMask = 2147483647;
			files = (
				545FFC9227BCDCF2008CC1ED /* FirebaseFirestoreSwift-Beta in Frameworks */,
				545FFC9027BCDCF2008CC1ED /* FirebaseAnalyticsSwift-Beta in Frameworks */,
				545FFC9627BCDCF2008CC1ED /* FirebaseMessaging in Frameworks */,
				545FFC9427BCDCF2008CC1ED /* FirebaseInAppMessagingSwift-Beta in Frameworks */,
				545FFC8727BC4DBA008CC1ED /* SnapKit in Frameworks */,
				54664F5527C2E5DD00F94482 /* FirebaseAuth in Frameworks */,
				545FFC9827BCDCF2008CC1ED /* FirebaseStorageSwift-Beta in Frameworks */,
				547D253727C3F20A005D98B8 /* Lottie in Frameworks */,
			);
			runOnlyForDeploymentPostprocessing = 0;
		};
/* End PBXFrameworksBuildPhase section */

/* Begin PBXGroup section */
		545FFC6227BC4C17008CC1ED = {
			isa = PBXGroup;
			children = (
				545FFC6D27BC4C17008CC1ED /* MonkeyChatUIKit */,
				545FFC6C27BC4C17008CC1ED /* Products */,
				54664F5327C2E5DD00F94482 /* Frameworks */,
			);
			sourceTree = "<group>";
		};
		545FFC6C27BC4C17008CC1ED /* Products */ = {
			isa = PBXGroup;
			children = (
				545FFC6B27BC4C17008CC1ED /* MonkeyChatUIKit.app */,
			);
			name = Products;
			sourceTree = "<group>";
		};
		545FFC6D27BC4C17008CC1ED /* MonkeyChatUIKit */ = {
			isa = PBXGroup;
			children = (
				548BC3B827C069D400CBC6EA /* apns-sound.wav */,
				54F2337527BE588200E9FD28 /* MonkeyChatUIKit.entitlements */,
				545FFC8227BC4C4A008CC1ED /* AppFiles */,
				548BC3AF27C011ED00CBC6EA /* Managers */,
				545FFC8827BC5124008CC1ED /* Models */,
				545FFC8327BC4C5A008CC1ED /* ViewControllers */,
				54F2336D27BD450B00E9FD28 /* Settings */,
				545FFC8427BC4C62008CC1ED /* Views */,
				545FFC8B27BC5B61008CC1ED /* Utils */,
				545FFC7727BC4C18008CC1ED /* Assets.xcassets */,
				547D253A27C40206005D98B8 /* loading.json */,
				545FFC7C27BC4C18008CC1ED /* Info.plist */,
				545FFC9927BCDDA1008CC1ED /* GoogleService-Info.plist */,
			);
			path = MonkeyChatUIKit;
			sourceTree = "<group>";
		};
		545FFC8227BC4C4A008CC1ED /* AppFiles */ = {
			isa = PBXGroup;
			children = (
				545FFC6E27BC4C17008CC1ED /* AppDelegate.swift */,
				545FFC7027BC4C17008CC1ED /* SceneDelegate.swift */,
			);
			path = AppFiles;
			sourceTree = "<group>";
		};
		545FFC8327BC4C5A008CC1ED /* ViewControllers */ = {
			isa = PBXGroup;
			children = (
				54664F5227C2E21000F94482 /* Auth */,
				545FFCA127BD0073008CC1ED /* ChatRoomList */,
				54F2336627BD3C0400E9FD28 /* ChatRoom */,
			);
			path = ViewControllers;
			sourceTree = "<group>";
		};
		545FFC8427BC4C62008CC1ED /* Views */ = {
			isa = PBXGroup;
			children = (
				545FFC7427BC4C17008CC1ED /* Main.storyboard */,
				545FFC7927BC4C18008CC1ED /* LaunchScreen.storyboard */,
			);
			path = Views;
			sourceTree = "<group>";
		};
		545FFC8827BC5124008CC1ED /* Models */ = {
			isa = PBXGroup;
			children = (
				545FFC8927BC5149008CC1ED /* ChatRoom.swift */,
				545FFC9B27BCDEDB008CC1ED /* User.swift */,
				545FFC9D27BCFB05008CC1ED /* Message.swift */,
			);
			path = Models;
			sourceTree = "<group>";
		};
		545FFC8B27BC5B61008CC1ED /* Utils */ = {
			isa = PBXGroup;
			children = (
				545FFC8C27BC5B72008CC1ED /* AlertHelper.swift */,
				545FFC9F27BCFF9F008CC1ED /* Constants.swift */,
				548BC3B627C054D500CBC6EA /* Checkbox.swift */,
				54664F4E27C2DC8300F94482 /* SensitiveData.swift */,
				547D253327C3EF4D005D98B8 /* LottieHUD.swift */,
			);
			path = Utils;
			sourceTree = "<group>";
		};
		545FFCA127BD0073008CC1ED /* ChatRoomList */ = {
			isa = PBXGroup;
			children = (
				545FFC7227BC4C17008CC1ED /* ChatRoomListViewController.swift */,
				545FFCA227BD007F008CC1ED /* ChatRoomListViewModel.swift */,
				545FFCA427BD3240008CC1ED /* Cell */,
			);
			path = ChatRoomList;
			sourceTree = "<group>";
		};
		545FFCA427BD3240008CC1ED /* Cell */ = {
			isa = PBXGroup;
			children = (
				54F2336327BD337100E9FD28 /* ChatRoomListTableViewCell.swift */,
			);
			path = Cell;
			sourceTree = "<group>";
		};
		54664F5227C2E21000F94482 /* Auth */ = {
			isa = PBXGroup;
			children = (
				547D252D27C2EADF005D98B8 /* AuthViewController.swift */,
				547D253127C3E786005D98B8 /* VerificationCodeViewController.swift */,
				547D252F27C3DD92005D98B8 /* AuthManager.swift */,
			);
			path = Auth;
			sourceTree = "<group>";
		};
		54664F5327C2E5DD00F94482 /* Frameworks */ = {
			isa = PBXGroup;
			children = (
			);
			name = Frameworks;
			sourceTree = "<group>";
		};
		548BC3AF27C011ED00CBC6EA /* Managers */ = {
			isa = PBXGroup;
			children = (
				548BC3B027C0120100CBC6EA /* PushNotificationManager.swift */,
				548BC3B227C042A500CBC6EA /* PushNotificationSender.swift */,
			);
			path = Managers;
			sourceTree = "<group>";
		};
		54F2336627BD3C0400E9FD28 /* ChatRoom */ = {
			isa = PBXGroup;
			children = (
				54F2336927BD3C7500E9FD28 /* ChatRoomViewController.swift */,
				54F2336E27BD635900E9FD28 /* ChatRoomViewModel.swift */,
				54F2337327BD7BB000E9FD28 /* TextEntryView.swift */,
				54F2337027BD68B200E9FD28 /* MessageCell */,
			);
			path = ChatRoom;
			sourceTree = "<group>";
		};
		54F2336D27BD450B00E9FD28 /* Settings */ = {
			isa = PBXGroup;
			children = (
				54F2336B27BD44F900E9FD28 /* SettingsViewController.swift */,
				548BC3B427C04F8400CBC6EA /* SettingsViewModel.swift */,
			);
			path = Settings;
			sourceTree = "<group>";
		};
		54F2337027BD68B200E9FD28 /* MessageCell */ = {
			isa = PBXGroup;
			children = (
				54F2337127BD68C400E9FD28 /* MessageTableViewCell.swift */,
			);
			path = MessageCell;
			sourceTree = "<group>";
		};
/* End PBXGroup section */

/* Begin PBXNativeTarget section */
		545FFC6A27BC4C17008CC1ED /* MonkeyChatUIKit */ = {
			isa = PBXNativeTarget;
			buildConfigurationList = 545FFC7F27BC4C18008CC1ED /* Build configuration list for PBXNativeTarget "MonkeyChatUIKit" */;
			buildPhases = (
				545FFC6727BC4C17008CC1ED /* Sources */,
				545FFC6827BC4C17008CC1ED /* Frameworks */,
				545FFC6927BC4C17008CC1ED /* Resources */,
			);
			buildRules = (
			);
			dependencies = (
			);
			name = MonkeyChatUIKit;
			packageProductDependencies = (
				545FFC8627BC4DBA008CC1ED /* SnapKit */,
				545FFC8F27BCDCF2008CC1ED /* FirebaseAnalyticsSwift-Beta */,
				545FFC9127BCDCF2008CC1ED /* FirebaseFirestoreSwift-Beta */,
				545FFC9327BCDCF2008CC1ED /* FirebaseInAppMessagingSwift-Beta */,
				545FFC9527BCDCF2008CC1ED /* FirebaseMessaging */,
				545FFC9727BCDCF2008CC1ED /* FirebaseStorageSwift-Beta */,
				54664F5427C2E5DD00F94482 /* FirebaseAuth */,
				547D253627C3F20A005D98B8 /* Lottie */,
			);
			productName = MonkeyChatUIKit;
			productReference = 545FFC6B27BC4C17008CC1ED /* MonkeyChatUIKit.app */;
			productType = "com.apple.product-type.application";
		};
/* End PBXNativeTarget section */

/* Begin PBXProject section */
		545FFC6327BC4C17008CC1ED /* Project object */ = {
			isa = PBXProject;
			attributes = {
				BuildIndependentTargetsInParallel = 1;
				LastSwiftUpdateCheck = 1320;
				LastUpgradeCheck = 1320;
				TargetAttributes = {
					545FFC6A27BC4C17008CC1ED = {
						CreatedOnToolsVersion = 13.2.1;
					};
				};
			};
			buildConfigurationList = 545FFC6627BC4C17008CC1ED /* Build configuration list for PBXProject "MonkeyChatUIKit" */;
			compatibilityVersion = "Xcode 13.0";
			developmentRegion = en;
			hasScannedForEncodings = 0;
			knownRegions = (
				en,
				Base,
			);
			mainGroup = 545FFC6227BC4C17008CC1ED;
			packageReferences = (
				545FFC8527BC4DBA008CC1ED /* XCRemoteSwiftPackageReference "SnapKit" */,
				545FFC8E27BCDCF2008CC1ED /* XCRemoteSwiftPackageReference "firebase-ios-sdk" */,
				547D253527C3F20A005D98B8 /* XCRemoteSwiftPackageReference "lottie-ios" */,
			);
			productRefGroup = 545FFC6C27BC4C17008CC1ED /* Products */;
			projectDirPath = "";
			projectRoot = "";
			targets = (
				545FFC6A27BC4C17008CC1ED /* MonkeyChatUIKit */,
			);
		};
/* End PBXProject section */

/* Begin PBXResourcesBuildPhase section */
		545FFC6927BC4C17008CC1ED /* Resources */ = {
			isa = PBXResourcesBuildPhase;
			buildActionMask = 2147483647;
			files = (
				545FFC7B27BC4C18008CC1ED /* LaunchScreen.storyboard in Resources */,
				548BC3B927C069D400CBC6EA /* apns-sound.wav in Resources */,
				547D253B27C40206005D98B8 /* loading.json in Resources */,
				545FFC9A27BCDDA1008CC1ED /* GoogleService-Info.plist in Resources */,
				545FFC7827BC4C18008CC1ED /* Assets.xcassets in Resources */,
				545FFC7627BC4C17008CC1ED /* Main.storyboard in Resources */,
			);
			runOnlyForDeploymentPostprocessing = 0;
		};
/* End PBXResourcesBuildPhase section */

/* Begin PBXSourcesBuildPhase section */
		545FFC6727BC4C17008CC1ED /* Sources */ = {
			isa = PBXSourcesBuildPhase;
			buildActionMask = 2147483647;
			files = (
				545FFC7327BC4C17008CC1ED /* ChatRoomListViewController.swift in Sources */,
				548BC3B327C042A500CBC6EA /* PushNotificationSender.swift in Sources */,
				54F2337427BD7BB000E9FD28 /* TextEntryView.swift in Sources */,
				545FFCA327BD007F008CC1ED /* ChatRoomListViewModel.swift in Sources */,
				545FFC6F27BC4C17008CC1ED /* AppDelegate.swift in Sources */,
				547D253227C3E786005D98B8 /* VerificationCodeViewController.swift in Sources */,
				545FFC9C27BCDEDB008CC1ED /* User.swift in Sources */,
				54F2336427BD337100E9FD28 /* ChatRoomListTableViewCell.swift in Sources */,
				54F2336F27BD635900E9FD28 /* ChatRoomViewModel.swift in Sources */,
				548BC3B727C054D500CBC6EA /* Checkbox.swift in Sources */,
				545FFC8A27BC5149008CC1ED /* ChatRoom.swift in Sources */,
				547D252E27C2EADF005D98B8 /* AuthViewController.swift in Sources */,
				54F2337227BD68C400E9FD28 /* MessageTableViewCell.swift in Sources */,
				545FFC8D27BC5B72008CC1ED /* AlertHelper.swift in Sources */,
				548BC3B127C0120100CBC6EA /* PushNotificationManager.swift in Sources */,
				545FFC7127BC4C17008CC1ED /* SceneDelegate.swift in Sources */,
				54664F4F27C2DC8300F94482 /* SensitiveData.swift in Sources */,
				545FFC9E27BCFB05008CC1ED /* Message.swift in Sources */,
				545FFCA027BCFF9F008CC1ED /* Constants.swift in Sources */,
				54F2336A27BD3C7500E9FD28 /* ChatRoomViewController.swift in Sources */,
				547D253427C3EF4D005D98B8 /* LottieHUD.swift in Sources */,
				547D253027C3DD92005D98B8 /* AuthManager.swift in Sources */,
				54F2336C27BD44F900E9FD28 /* SettingsViewController.swift in Sources */,
				548BC3B527C04F8400CBC6EA /* SettingsViewModel.swift in Sources */,
			);
			runOnlyForDeploymentPostprocessing = 0;
		};
/* End PBXSourcesBuildPhase section */

/* Begin PBXVariantGroup section */
		545FFC7427BC4C17008CC1ED /* Main.storyboard */ = {
			isa = PBXVariantGroup;
			children = (
				545FFC7527BC4C17008CC1ED /* Base */,
			);
			name = Main.storyboard;
			sourceTree = "<group>";
		};
		545FFC7927BC4C18008CC1ED /* LaunchScreen.storyboard */ = {
			isa = PBXVariantGroup;
			children = (
				545FFC7A27BC4C18008CC1ED /* Base */,
			);
			name = LaunchScreen.storyboard;
			sourceTree = "<group>";
		};
/* End PBXVariantGroup section */

/* Begin XCBuildConfiguration section */
		545FFC7D27BC4C18008CC1ED /* Debug */ = {
			isa = XCBuildConfiguration;
			buildSettings = {
				ALWAYS_SEARCH_USER_PATHS = NO;
				CLANG_ANALYZER_NONNULL = YES;
				CLANG_ANALYZER_NUMBER_OBJECT_CONVERSION = YES_AGGRESSIVE;
				CLANG_CXX_LANGUAGE_STANDARD = "gnu++17";
				CLANG_CXX_LIBRARY = "libc++";
				CLANG_ENABLE_MODULES = YES;
				CLANG_ENABLE_OBJC_ARC = YES;
				CLANG_ENABLE_OBJC_WEAK = YES;
				CLANG_WARN_BLOCK_CAPTURE_AUTORELEASING = YES;
				CLANG_WARN_BOOL_CONVERSION = YES;
				CLANG_WARN_COMMA = YES;
				CLANG_WARN_CONSTANT_CONVERSION = YES;
				CLANG_WARN_DEPRECATED_OBJC_IMPLEMENTATIONS = YES;
				CLANG_WARN_DIRECT_OBJC_ISA_USAGE = YES_ERROR;
				CLANG_WARN_DOCUMENTATION_COMMENTS = YES;
				CLANG_WARN_EMPTY_BODY = YES;
				CLANG_WARN_ENUM_CONVERSION = YES;
				CLANG_WARN_INFINITE_RECURSION = YES;
				CLANG_WARN_INT_CONVERSION = YES;
				CLANG_WARN_NON_LITERAL_NULL_CONVERSION = YES;
				CLANG_WARN_OBJC_IMPLICIT_RETAIN_SELF = YES;
				CLANG_WARN_OBJC_LITERAL_CONVERSION = YES;
				CLANG_WARN_OBJC_ROOT_CLASS = YES_ERROR;
				CLANG_WARN_QUOTED_INCLUDE_IN_FRAMEWORK_HEADER = YES;
				CLANG_WARN_RANGE_LOOP_ANALYSIS = YES;
				CLANG_WARN_STRICT_PROTOTYPES = YES;
				CLANG_WARN_SUSPICIOUS_MOVE = YES;
				CLANG_WARN_UNGUARDED_AVAILABILITY = YES_AGGRESSIVE;
				CLANG_WARN_UNREACHABLE_CODE = YES;
				CLANG_WARN__DUPLICATE_METHOD_MATCH = YES;
				COPY_PHASE_STRIP = NO;
				DEBUG_INFORMATION_FORMAT = dwarf;
				ENABLE_STRICT_OBJC_MSGSEND = YES;
				ENABLE_TESTABILITY = YES;
				GCC_C_LANGUAGE_STANDARD = gnu11;
				GCC_DYNAMIC_NO_PIC = NO;
				GCC_NO_COMMON_BLOCKS = YES;
				GCC_OPTIMIZATION_LEVEL = 0;
				GCC_PREPROCESSOR_DEFINITIONS = (
					"DEBUG=1",
					"$(inherited)",
				);
				GCC_WARN_64_TO_32_BIT_CONVERSION = YES;
				GCC_WARN_ABOUT_RETURN_TYPE = YES_ERROR;
				GCC_WARN_UNDECLARED_SELECTOR = YES;
				GCC_WARN_UNINITIALIZED_AUTOS = YES_AGGRESSIVE;
				GCC_WARN_UNUSED_FUNCTION = YES;
				GCC_WARN_UNUSED_VARIABLE = YES;
				IPHONEOS_DEPLOYMENT_TARGET = 15.2;
				MTL_ENABLE_DEBUG_INFO = INCLUDE_SOURCE;
				MTL_FAST_MATH = YES;
				ONLY_ACTIVE_ARCH = YES;
				PRODUCT_NAME = MonkeyChat;
				SDKROOT = iphoneos;
				SWIFT_ACTIVE_COMPILATION_CONDITIONS = DEBUG;
				SWIFT_OPTIMIZATION_LEVEL = "-Onone";
			};
			name = Debug;
		};
		545FFC7E27BC4C18008CC1ED /* Release */ = {
			isa = XCBuildConfiguration;
			buildSettings = {
				ALWAYS_SEARCH_USER_PATHS = NO;
				CLANG_ANALYZER_NONNULL = YES;
				CLANG_ANALYZER_NUMBER_OBJECT_CONVERSION = YES_AGGRESSIVE;
				CLANG_CXX_LANGUAGE_STANDARD = "gnu++17";
				CLANG_CXX_LIBRARY = "libc++";
				CLANG_ENABLE_MODULES = YES;
				CLANG_ENABLE_OBJC_ARC = YES;
				CLANG_ENABLE_OBJC_WEAK = YES;
				CLANG_WARN_BLOCK_CAPTURE_AUTORELEASING = YES;
				CLANG_WARN_BOOL_CONVERSION = YES;
				CLANG_WARN_COMMA = YES;
				CLANG_WARN_CONSTANT_CONVERSION = YES;
				CLANG_WARN_DEPRECATED_OBJC_IMPLEMENTATIONS = YES;
				CLANG_WARN_DIRECT_OBJC_ISA_USAGE = YES_ERROR;
				CLANG_WARN_DOCUMENTATION_COMMENTS = YES;
				CLANG_WARN_EMPTY_BODY = YES;
				CLANG_WARN_ENUM_CONVERSION = YES;
				CLANG_WARN_INFINITE_RECURSION = YES;
				CLANG_WARN_INT_CONVERSION = YES;
				CLANG_WARN_NON_LITERAL_NULL_CONVERSION = YES;
				CLANG_WARN_OBJC_IMPLICIT_RETAIN_SELF = YES;
				CLANG_WARN_OBJC_LITERAL_CONVERSION = YES;
				CLANG_WARN_OBJC_ROOT_CLASS = YES_ERROR;
				CLANG_WARN_QUOTED_INCLUDE_IN_FRAMEWORK_HEADER = YES;
				CLANG_WARN_RANGE_LOOP_ANALYSIS = YES;
				CLANG_WARN_STRICT_PROTOTYPES = YES;
				CLANG_WARN_SUSPICIOUS_MOVE = YES;
				CLANG_WARN_UNGUARDED_AVAILABILITY = YES_AGGRESSIVE;
				CLANG_WARN_UNREACHABLE_CODE = YES;
				CLANG_WARN__DUPLICATE_METHOD_MATCH = YES;
				COPY_PHASE_STRIP = NO;
				DEBUG_INFORMATION_FORMAT = "dwarf-with-dsym";
				ENABLE_NS_ASSERTIONS = NO;
				ENABLE_STRICT_OBJC_MSGSEND = YES;
				GCC_C_LANGUAGE_STANDARD = gnu11;
				GCC_NO_COMMON_BLOCKS = YES;
				GCC_WARN_64_TO_32_BIT_CONVERSION = YES;
				GCC_WARN_ABOUT_RETURN_TYPE = YES_ERROR;
				GCC_WARN_UNDECLARED_SELECTOR = YES;
				GCC_WARN_UNINITIALIZED_AUTOS = YES_AGGRESSIVE;
				GCC_WARN_UNUSED_FUNCTION = YES;
				GCC_WARN_UNUSED_VARIABLE = YES;
				IPHONEOS_DEPLOYMENT_TARGET = 15.2;
				MTL_ENABLE_DEBUG_INFO = NO;
				MTL_FAST_MATH = YES;
				PRODUCT_NAME = MonkeyChat;
				SDKROOT = iphoneos;
				SWIFT_COMPILATION_MODE = wholemodule;
				SWIFT_OPTIMIZATION_LEVEL = "-O";
				VALIDATE_PRODUCT = YES;
			};
			name = Release;
		};
		545FFC8027BC4C18008CC1ED /* Debug */ = {
			isa = XCBuildConfiguration;
			buildSettings = {
				ASSETCATALOG_COMPILER_APPICON_NAME = AppIcon;
				ASSETCATALOG_COMPILER_GLOBAL_ACCENT_COLOR_NAME = AccentColor;
				CODE_SIGN_ENTITLEMENTS = MonkeyChatUIKit/MonkeyChatUIKit.entitlements;
				CODE_SIGN_STYLE = Automatic;
				CURRENT_PROJECT_VERSION = 2;
				DEVELOPMENT_TEAM = 37TC2VKVJ6;
				GENERATE_INFOPLIST_FILE = YES;
				INFOPLIST_FILE = MonkeyChatUIKit/Info.plist;
				INFOPLIST_KEY_CFBundleDisplayName = MonkeyChat;
				INFOPLIST_KEY_UIApplicationSupportsIndirectInputEvents = YES;
				INFOPLIST_KEY_UILaunchStoryboardName = LaunchScreen;
				INFOPLIST_KEY_UIMainStoryboardFile = Main;
				INFOPLIST_KEY_UISupportedInterfaceOrientations = "UIInterfaceOrientationPortrait UIInterfaceOrientationPortraitUpsideDown";
				INFOPLIST_KEY_UISupportedInterfaceOrientations_iPad = "UIInterfaceOrientationPortrait UIInterfaceOrientationPortraitUpsideDown UIInterfaceOrientationLandscapeLeft UIInterfaceOrientationLandscapeRight";
				INFOPLIST_KEY_UISupportedInterfaceOrientations_iPhone = "UIInterfaceOrientationPortrait UIInterfaceOrientationLandscapeLeft UIInterfaceOrientationLandscapeRight";
				IPHONEOS_DEPLOYMENT_TARGET = 13.0;
				LD_RUNPATH_SEARCH_PATHS = (
					"$(inherited)",
					"@executable_path/Frameworks",
				);
				MARKETING_VERSION = 1.0;
				PRODUCT_BUNDLE_IDENTIFIER = com.walhallaa.MonkeyChatUIKit;
				PRODUCT_NAME = "$(TARGET_NAME)";
				SWIFT_EMIT_LOC_STRINGS = YES;
				SWIFT_VERSION = 5.0;
				TARGETED_DEVICE_FAMILY = 1;
			};
			name = Debug;
		};
		545FFC8127BC4C18008CC1ED /* Release */ = {
			isa = XCBuildConfiguration;
			buildSettings = {
				ASSETCATALOG_COMPILER_APPICON_NAME = AppIcon;
				ASSETCATALOG_COMPILER_GLOBAL_ACCENT_COLOR_NAME = AccentColor;
				CODE_SIGN_ENTITLEMENTS = MonkeyChatUIKit/MonkeyChatUIKit.entitlements;
				CODE_SIGN_STYLE = Automatic;
				CURRENT_PROJECT_VERSION = 2;
				DEVELOPMENT_TEAM = 37TC2VKVJ6;
				GENERATE_INFOPLIST_FILE = YES;
				INFOPLIST_FILE = MonkeyChatUIKit/Info.plist;
				INFOPLIST_KEY_CFBundleDisplayName = MonkeyChat;
				INFOPLIST_KEY_UIApplicationSupportsIndirectInputEvents = YES;
				INFOPLIST_KEY_UILaunchStoryboardName = LaunchScreen;
				INFOPLIST_KEY_UIMainStoryboardFile = Main;
				INFOPLIST_KEY_UISupportedInterfaceOrientations = "UIInterfaceOrientationPortrait UIInterfaceOrientationPortraitUpsideDown";
				INFOPLIST_KEY_UISupportedInterfaceOrientations_iPad = "UIInterfaceOrientationPortrait UIInterfaceOrientationPortraitUpsideDown UIInterfaceOrientationLandscapeLeft UIInterfaceOrientationLandscapeRight";
				INFOPLIST_KEY_UISupportedInterfaceOrientations_iPhone = "UIInterfaceOrientationPortrait UIInterfaceOrientationLandscapeLeft UIInterfaceOrientationLandscapeRight";
				IPHONEOS_DEPLOYMENT_TARGET = 13.0;
				LD_RUNPATH_SEARCH_PATHS = (
					"$(inherited)",
					"@executable_path/Frameworks",
				);
				MARKETING_VERSION = 1.0;
				PRODUCT_BUNDLE_IDENTIFIER = com.walhallaa.MonkeyChatUIKit;
				PRODUCT_NAME = "$(TARGET_NAME)";
				SWIFT_EMIT_LOC_STRINGS = YES;
				SWIFT_VERSION = 5.0;
				TARGETED_DEVICE_FAMILY = 1;
			};
			name = Release;
		};
/* End XCBuildConfiguration section */

/* Begin XCConfigurationList section */
		545FFC6627BC4C17008CC1ED /* Build configuration list for PBXProject "MonkeyChatUIKit" */ = {
			isa = XCConfigurationList;
			buildConfigurations = (
				545FFC7D27BC4C18008CC1ED /* Debug */,
				545FFC7E27BC4C18008CC1ED /* Release */,
			);
			defaultConfigurationIsVisible = 0;
			defaultConfigurationName = Release;
		};
		545FFC7F27BC4C18008CC1ED /* Build configuration list for PBXNativeTarget "MonkeyChatUIKit" */ = {
			isa = XCConfigurationList;
			buildConfigurations = (
				545FFC8027BC4C18008CC1ED /* Debug */,
				545FFC8127BC4C18008CC1ED /* Release */,
			);
			defaultConfigurationIsVisible = 0;
			defaultConfigurationName = Release;
		};
/* End XCConfigurationList section */

/* Begin XCRemoteSwiftPackageReference section */
		545FFC8527BC4DBA008CC1ED /* XCRemoteSwiftPackageReference "SnapKit" */ = {
			isa = XCRemoteSwiftPackageReference;
			repositoryURL = "https://github.com/SnapKit/SnapKit.git";
			requirement = {
				kind = upToNextMajorVersion;
				minimumVersion = 5.0.0;
			};
		};
		545FFC8E27BCDCF2008CC1ED /* XCRemoteSwiftPackageReference "firebase-ios-sdk" */ = {
			isa = XCRemoteSwiftPackageReference;
			repositoryURL = "https://github.com/firebase/firebase-ios-sdk.git";
			requirement = {
				branch = master;
				kind = branch;
			};
		};
		547D253527C3F20A005D98B8 /* XCRemoteSwiftPackageReference "lottie-ios" */ = {
			isa = XCRemoteSwiftPackageReference;
			repositoryURL = "https://github.com/airbnb/lottie-ios.git";
			requirement = {
				kind = upToNextMajorVersion;
				minimumVersion = 3.0.0;
			};
		};
/* End XCRemoteSwiftPackageReference section */

/* Begin XCSwiftPackageProductDependency section */
		545FFC8627BC4DBA008CC1ED /* SnapKit */ = {
			isa = XCSwiftPackageProductDependency;
			package = 545FFC8527BC4DBA008CC1ED /* XCRemoteSwiftPackageReference "SnapKit" */;
			productName = SnapKit;
		};
		545FFC8F27BCDCF2008CC1ED /* FirebaseAnalyticsSwift-Beta */ = {
			isa = XCSwiftPackageProductDependency;
			package = 545FFC8E27BCDCF2008CC1ED /* XCRemoteSwiftPackageReference "firebase-ios-sdk" */;
			productName = "FirebaseAnalyticsSwift-Beta";
		};
		545FFC9127BCDCF2008CC1ED /* FirebaseFirestoreSwift-Beta */ = {
			isa = XCSwiftPackageProductDependency;
			package = 545FFC8E27BCDCF2008CC1ED /* XCRemoteSwiftPackageReference "firebase-ios-sdk" */;
			productName = "FirebaseFirestoreSwift-Beta";
		};
		545FFC9327BCDCF2008CC1ED /* FirebaseInAppMessagingSwift-Beta */ = {
			isa = XCSwiftPackageProductDependency;
			package = 545FFC8E27BCDCF2008CC1ED /* XCRemoteSwiftPackageReference "firebase-ios-sdk" */;
			productName = "FirebaseInAppMessagingSwift-Beta";
		};
		545FFC9527BCDCF2008CC1ED /* FirebaseMessaging */ = {
			isa = XCSwiftPackageProductDependency;
			package = 545FFC8E27BCDCF2008CC1ED /* XCRemoteSwiftPackageReference "firebase-ios-sdk" */;
			productName = FirebaseMessaging;
		};
		545FFC9727BCDCF2008CC1ED /* FirebaseStorageSwift-Beta */ = {
			isa = XCSwiftPackageProductDependency;
			package = 545FFC8E27BCDCF2008CC1ED /* XCRemoteSwiftPackageReference "firebase-ios-sdk" */;
			productName = "FirebaseStorageSwift-Beta";
		};
		54664F5427C2E5DD00F94482 /* FirebaseAuth */ = {
			isa = XCSwiftPackageProductDependency;
			package = 545FFC8E27BCDCF2008CC1ED /* XCRemoteSwiftPackageReference "firebase-ios-sdk" */;
			productName = FirebaseAuth;
		};
		547D253627C3F20A005D98B8 /* Lottie */ = {
			isa = XCSwiftPackageProductDependency;
			package = 547D253527C3F20A005D98B8 /* XCRemoteSwiftPackageReference "lottie-ios" */;
			productName = Lottie;
		};
/* End XCSwiftPackageProductDependency section */
	};
	rootObject = 545FFC6327BC4C17008CC1ED /* Project object */;
}
